
Microsoft Visual Studio Solution File, Format Version 12.00
# Visual Studio Version 17
VisualStudioVersion = 17.8.34316.72
MinimumVisualStudioVersion = 10.0.40219.1
Project("{FAE04EC0-301F-11D3-BF4B-00C04F79EFBC}") = "OrdenesAPP", "OrdenesAPP.csproj", "{D9CFC02F-935B-4F7A-AB16-EFD7536EFE79}"
EndProject
Global
	GlobalSection(SolutionConfigurationPlatforms) = preSolution
		Debug|Any CPU = Debug|Any CPU
		Release|Any CPU = Release|Any CPU
	EndGlobalSection
	GlobalSection(ProjectConfigurationPlatforms) = postSolution
		{D9CFC02F-935B-4F7A-AB16-EFD7536EFE79}.Debug|Any CPU.ActiveCfg = Debug|Any CPU
		{D9CFC02F-935B-4F7A-AB16-EFD7536EFE79}.Debug|Any CPU.Build.0 = Debug|Any CPU
		{D9CFC02F-935B-4F7A-AB16-EFD7536EFE79}.Release|Any CPU.ActiveCfg = Release|Any CPU
		{D9CFC02F-935B-4F7A-AB16-EFD7536EFE79}.Release|Any CPU.Build.0 = Release|Any CPU
	EndGlobalSection
	GlobalSection(SolutionProperties) = preSolution
		HideSolutionNode = FALSE
	EndGlobalSection
	GlobalSection(ExtensibilityGlobals) = postSolution
		SolutionGuid = {A95959ED-4B2D-4D83-8A6E-90047ADE2319}
	EndGlobalSection
EndGlobal
